
Microsoft Visual Studio Solution File, Format Version 12.00
# Visual Studio Version 17
VisualStudioVersion = 17.12.35527.113
MinimumVisualStudioVersion = 10.0.40219.1
Project("{2150E333-8FDC-42A3-9474-1A3956D46DE8}") = "tests", "tests", "{0105B8C7-9F4E-4F87-8CE0-871CDA57B6BF}"
EndProject
Project("{2150E333-8FDC-42A3-9474-1A3956D46DE8}") = "src", "src", "{AAEBB6E1-B038-46ED-9DBC-45FE8A6D12F1}"
EndProject
Project("{FAE04EC0-301F-11D3-BF4B-00C04F79EFBC}") = "Restaurants.API", "src\Restaurants.API\Restaurants.API.csproj", "{FA61506B-17EF-4EA2-BA78-EADC8D191F1F}"
EndProject
Project("{FAE04EC0-301F-11D3-BF4B-00C04F79EFBC}") = "Restaurants.Application", "src\Restaurants.Application\Restaurants.Application.csproj", "{5B655F2B-DA71-402C-B3D5-98C91A201829}"
EndProject
Project("{FAE04EC0-301F-11D3-BF4B-00C04F79EFBC}") = "Restaurants.Domain", "src\Restaurants.Domain\Restaurants.Domain.csproj", "{C852BE45-4C5B-4597-8112-469E920BBF38}"
EndProject
Project("{FAE04EC0-301F-11D3-BF4B-00C04F79EFBC}") = "Restaurants.Infrastructure", "src\Restaurants.Infrastructure\Restaurants.Infrastructure.csproj", "{98CBFB0D-75A9-4ABE-9082-83B2F516DD45}"
EndProject
Project("{FAE04EC0-301F-11D3-BF4B-00C04F79EFBC}") = "Restaurants.API.Tests", "tests\Restaurants.API.Tests\Restaurants.API.Tests.csproj", "{2960F5FE-62C2-4EBA-AF6A-B9E67A77D6BE}"
EndProject
Project("{FAE04EC0-301F-11D3-BF4B-00C04F79EFBC}") = "Restaurants.Application.Tests", "tests\Restaurants.Application.Tests\Restaurants.Application.Tests.csproj", "{62E12B76-12CB-4F25-86AE-49EEE352F742}"
EndProject
Project("{FAE04EC0-301F-11D3-BF4B-00C04F79EFBC}") = "Restaurants.Infrastructure.Tests", "tests\Restaurants.Infrastructure.Tests\Restaurants.Infrastructure.Tests.csproj", "{9FB59283-43F0-4962-8067-73BE82A5BC0C}"
EndProject
Global
	GlobalSection(SolutionConfigurationPlatforms) = preSolution
		Debug|Any CPU = Debug|Any CPU
		Release|Any CPU = Release|Any CPU
	EndGlobalSection
	GlobalSection(ProjectConfigurationPlatforms) = postSolution
		{FA61506B-17EF-4EA2-BA78-EADC8D191F1F}.Debug|Any CPU.ActiveCfg = Debug|Any CPU
		{FA61506B-17EF-4EA2-BA78-EADC8D191F1F}.Debug|Any CPU.Build.0 = Debug|Any CPU
		{FA61506B-17EF-4EA2-BA78-EADC8D191F1F}.Release|Any CPU.ActiveCfg = Release|Any CPU
		{FA61506B-17EF-4EA2-BA78-EADC8D191F1F}.Release|Any CPU.Build.0 = Release|Any CPU
		{5B655F2B-DA71-402C-B3D5-98C91A201829}.Debug|Any CPU.ActiveCfg = Debug|Any CPU
		{5B655F2B-DA71-402C-B3D5-98C91A201829}.Debug|Any CPU.Build.0 = Debug|Any CPU
		{5B655F2B-DA71-402C-B3D5-98C91A201829}.Release|Any CPU.ActiveCfg = Release|Any CPU
		{5B655F2B-DA71-402C-B3D5-98C91A201829}.Release|Any CPU.Build.0 = Release|Any CPU
		{C852BE45-4C5B-4597-8112-469E920BBF38}.Debug|Any CPU.ActiveCfg = Debug|Any CPU
		{C852BE45-4C5B-4597-8112-469E920BBF38}.Debug|Any CPU.Build.0 = Debug|Any CPU
		{C852BE45-4C5B-4597-8112-469E920BBF38}.Release|Any CPU.ActiveCfg = Release|Any CPU
		{C852BE45-4C5B-4597-8112-469E920BBF38}.Release|Any CPU.Build.0 = Release|Any CPU
		{98CBFB0D-75A9-4ABE-9082-83B2F516DD45}.Debug|Any CPU.ActiveCfg = Debug|Any CPU
		{98CBFB0D-75A9-4ABE-9082-83B2F516DD45}.Debug|Any CPU.Build.0 = Debug|Any CPU
		{98CBFB0D-75A9-4ABE-9082-83B2F516DD45}.Release|Any CPU.ActiveCfg = Release|Any CPU
		{98CBFB0D-75A9-4ABE-9082-83B2F516DD45}.Release|Any CPU.Build.0 = Release|Any CPU
		{2960F5FE-62C2-4EBA-AF6A-B9E67A77D6BE}.Debug|Any CPU.ActiveCfg = Debug|Any CPU
		{2960F5FE-62C2-4EBA-AF6A-B9E67A77D6BE}.Debug|Any CPU.Build.0 = Debug|Any CPU
		{2960F5FE-62C2-4EBA-AF6A-B9E67A77D6BE}.Release|Any CPU.ActiveCfg = Release|Any CPU
		{2960F5FE-62C2-4EBA-AF6A-B9E67A77D6BE}.Release|Any CPU.Build.0 = Release|Any CPU
		{62E12B76-12CB-4F25-86AE-49EEE352F742}.Debug|Any CPU.ActiveCfg = Debug|Any CPU
		{62E12B76-12CB-4F25-86AE-49EEE352F742}.Debug|Any CPU.Build.0 = Debug|Any CPU
		{62E12B76-12CB-4F25-86AE-49EEE352F742}.Release|Any CPU.ActiveCfg = Release|Any CPU
		{62E12B76-12CB-4F25-86AE-49EEE352F742}.Release|Any CPU.Build.0 = Release|Any CPU
		{9FB59283-43F0-4962-8067-73BE82A5BC0C}.Debug|Any CPU.ActiveCfg = Debug|Any CPU
		{9FB59283-43F0-4962-8067-73BE82A5BC0C}.Debug|Any CPU.Build.0 = Debug|Any CPU
		{9FB59283-43F0-4962-8067-73BE82A5BC0C}.Release|Any CPU.ActiveCfg = Release|Any CPU
		{9FB59283-43F0-4962-8067-73BE82A5BC0C}.Release|Any CPU.Build.0 = Release|Any CPU
	EndGlobalSection
	GlobalSection(SolutionProperties) = preSolution
		HideSolutionNode = FALSE
	EndGlobalSection
	GlobalSection(NestedProjects) = preSolution
		{FA61506B-17EF-4EA2-BA78-EADC8D191F1F} = {AAEBB6E1-B038-46ED-9DBC-45FE8A6D12F1}
		{5B655F2B-DA71-402C-B3D5-98C91A201829} = {AAEBB6E1-B038-46ED-9DBC-45FE8A6D12F1}
		{C852BE45-4C5B-4597-8112-469E920BBF38} = {AAEBB6E1-B038-46ED-9DBC-45FE8A6D12F1}
		{98CBFB0D-75A9-4ABE-9082-83B2F516DD45} = {AAEBB6E1-B038-46ED-9DBC-45FE8A6D12F1}
		{2960F5FE-62C2-4EBA-AF6A-B9E67A77D6BE} = {0105B8C7-9F4E-4F87-8CE0-871CDA57B6BF}
		{62E12B76-12CB-4F25-86AE-49EEE352F742} = {0105B8C7-9F4E-4F87-8CE0-871CDA57B6BF}
		{9FB59283-43F0-4962-8067-73BE82A5BC0C} = {0105B8C7-9F4E-4F87-8CE0-871CDA57B6BF}
	EndGlobalSection
EndGlobal
